
Microsoft Visual Studio Solution File, Format Version 12.00
# Visual Studio Version 17
VisualStudioVersion = 17.0.31521.260
MinimumVisualStudioVersion = 10.0.40219.1
Project("{FAE04EC0-301F-11D3-BF4B-00C04F79EFBC}") = "Calculator", "Calculator\Calculator.csproj", "{19DF5D8B-FDA1-4230-B7C3-49D4B09F22EB}"
EndProject
Global
	GlobalSection(SolutionConfigurationPlatforms) = preSolution
		Debug|Any CPU = Debug|Any CPU
		Release|Any CPU = Release|Any CPU
	EndGlobalSection
	GlobalSection(ProjectConfigurationPlatforms) = postSolution
		{19DF5D8B-FDA1-4230-B7C3-49D4B09F22EB}.Debug|Any CPU.ActiveCfg = Debug|Any CPU
		{19DF5D8B-FDA1-4230-B7C3-49D4B09F22EB}.Debug|Any CPU.Build.0 = Debug|Any CPU
		{19DF5D8B-FDA1-4230-B7C3-49D4B09F22EB}.Release|Any CPU.ActiveCfg = Release|Any CPU
		{19DF5D8B-FDA1-4230-B7C3-49D4B09F22EB}.Release|Any CPU.Build.0 = Release|Any CPU
	EndGlobalSection
	GlobalSection(SolutionProperties) = preSolution
		HideSolutionNode = FALSE
	EndGlobalSection
	GlobalSection(ExtensibilityGlobals) = postSolution
		SolutionGuid = {4A3BF17B-8D8E-420C-B4A1-58FB95BE0C5C}
	EndGlobalSection
EndGlobal
